
Microsoft Visual Studio Solution File, Format Version 12.00
# Visual Studio 14
VisualStudioVersion = 14.0.24720.0
MinimumVisualStudioVersion = 10.0.40219.1
Project("{FAE04EC0-301F-11D3-BF4B-00C04F79EFBC}") = "MultiAssemblyNav.Droid1", "MultiAssemblyNav.Droid1\MultiAssemblyNav.Droid1.csproj", "{8E3D38DF-B1AB-43BB-BA0D-71657AA99166}"
EndProject
Project("{FAE04EC0-301F-11D3-BF4B-00C04F79EFBC}") = "MultiAssemblyNav.Droid2", "MultiAssemblyNav.Droid2\MultiAssemblyNav.Droid2.csproj", "{8D4A6B3A-AF95-4A3B-8C7B-06B23800346C}"
EndProject
Project("{FAE04EC0-301F-11D3-BF4B-00C04F79EFBC}") = "MultiAssemblyNav.Core", "MultiAssemblyNav.Core\MultiAssemblyNav.Core.csproj", "{083715F0-1B2E-4BFA-9F90-1ACDC3377644}"
EndProject
Project("{FAE04EC0-301F-11D3-BF4B-00C04F79EFBC}") = "MultiAssemblyNav.Phone1", "MultiAssemblyNav.Phone1\MultiAssemblyNav.Phone1.csproj", "{4459E75B-8E5B-43E3-A6F5-9F97808D56EF}"
EndProject
Project("{FAE04EC0-301F-11D3-BF4B-00C04F79EFBC}") = "MultiAssemblyNav.Phone2", "MultiAssemblyNav.Phone2\MultiAssemblyNav.Phone2.csproj", "{66565D3B-528D-4262-BB40-82E95788FA71}"
EndProject
Global
	GlobalSection(SolutionConfigurationPlatforms) = preSolution
		Debug|Any CPU = Debug|Any CPU
		Debug|ARM = Debug|ARM
		Debug|x86 = Debug|x86
		Droid|Any CPU = Droid|Any CPU
		Droid|ARM = Droid|ARM
		Droid|x86 = Droid|x86
		Phone|Any CPU = Phone|Any CPU
		Phone|ARM = Phone|ARM
		Phone|x86 = Phone|x86
		Release|Any CPU = Release|Any CPU
		Release|ARM = Release|ARM
		Release|x86 = Release|x86
	EndGlobalSection
	GlobalSection(ProjectConfigurationPlatforms) = postSolution
		{8E3D38DF-B1AB-43BB-BA0D-71657AA99166}.Debug|Any CPU.ActiveCfg = Debug|Any CPU
		{8E3D38DF-B1AB-43BB-BA0D-71657AA99166}.Debug|Any CPU.Build.0 = Debug|Any CPU
		{8E3D38DF-B1AB-43BB-BA0D-71657AA99166}.Debug|Any CPU.Deploy.0 = Debug|Any CPU
		{8E3D38DF-B1AB-43BB-BA0D-71657AA99166}.Debug|ARM.ActiveCfg = Debug|Any CPU
		{8E3D38DF-B1AB-43BB-BA0D-71657AA99166}.Debug|ARM.Build.0 = Debug|Any CPU
		{8E3D38DF-B1AB-43BB-BA0D-71657AA99166}.Debug|ARM.Deploy.0 = Debug|Any CPU
		{8E3D38DF-B1AB-43BB-BA0D-71657AA99166}.Debug|x86.ActiveCfg = Debug|Any CPU
		{8E3D38DF-B1AB-43BB-BA0D-71657AA99166}.Debug|x86.Build.0 = Debug|Any CPU
		{8E3D38DF-B1AB-43BB-BA0D-71657AA99166}.Debug|x86.Deploy.0 = Debug|Any CPU
		{8E3D38DF-B1AB-43BB-BA0D-71657AA99166}.Droid|Any CPU.ActiveCfg = Droid|Any CPU
		{8E3D38DF-B1AB-43BB-BA0D-71657AA99166}.Droid|Any CPU.Build.0 = Droid|Any CPU
		{8E3D38DF-B1AB-43BB-BA0D-71657AA99166}.Droid|Any CPU.Deploy.0 = Droid|Any CPU
		{8E3D38DF-B1AB-43BB-BA0D-71657AA99166}.Droid|ARM.ActiveCfg = Droid|Any CPU
		{8E3D38DF-B1AB-43BB-BA0D-71657AA99166}.Droid|ARM.Build.0 = Droid|Any CPU
		{8E3D38DF-B1AB-43BB-BA0D-71657AA99166}.Droid|ARM.Deploy.0 = Droid|Any CPU
		{8E3D38DF-B1AB-43BB-BA0D-71657AA99166}.Droid|x86.ActiveCfg = Droid|Any CPU
		{8E3D38DF-B1AB-43BB-BA0D-71657AA99166}.Droid|x86.Build.0 = Droid|Any CPU
		{8E3D38DF-B1AB-43BB-BA0D-71657AA99166}.Droid|x86.Deploy.0 = Droid|Any CPU
		{8E3D38DF-B1AB-43BB-BA0D-71657AA99166}.Phone|Any CPU.ActiveCfg = Phone|Any CPU
		{8E3D38DF-B1AB-43BB-BA0D-71657AA99166}.Phone|ARM.ActiveCfg = Phone|Any CPU
		{8E3D38DF-B1AB-43BB-BA0D-71657AA99166}.Phone|ARM.Build.0 = Phone|Any CPU
		{8E3D38DF-B1AB-43BB-BA0D-71657AA99166}.Phone|ARM.Deploy.0 = Phone|Any CPU
		{8E3D38DF-B1AB-43BB-BA0D-71657AA99166}.Phone|x86.ActiveCfg = Phone|Any CPU
		{8E3D38DF-B1AB-43BB-BA0D-71657AA99166}.Phone|x86.Build.0 = Phone|Any CPU
		{8E3D38DF-B1AB-43BB-BA0D-71657AA99166}.Phone|x86.Deploy.0 = Phone|Any CPU
		{8E3D38DF-B1AB-43BB-BA0D-71657AA99166}.Release|Any CPU.ActiveCfg = Release|Any CPU
		{8E3D38DF-B1AB-43BB-BA0D-71657AA99166}.Release|Any CPU.Build.0 = Release|Any CPU
		{8E3D38DF-B1AB-43BB-BA0D-71657AA99166}.Release|Any CPU.Deploy.0 = Release|Any CPU
		{8E3D38DF-B1AB-43BB-BA0D-71657AA99166}.Release|ARM.ActiveCfg = Release|Any CPU
		{8E3D38DF-B1AB-43BB-BA0D-71657AA99166}.Release|ARM.Build.0 = Release|Any CPU
		{8E3D38DF-B1AB-43BB-BA0D-71657AA99166}.Release|ARM.Deploy.0 = Release|Any CPU
		{8E3D38DF-B1AB-43BB-BA0D-71657AA99166}.Release|x86.ActiveCfg = Release|Any CPU
		{8E3D38DF-B1AB-43BB-BA0D-71657AA99166}.Release|x86.Build.0 = Release|Any CPU
		{8E3D38DF-B1AB-43BB-BA0D-71657AA99166}.Release|x86.Deploy.0 = Release|Any CPU
		{8D4A6B3A-AF95-4A3B-8C7B-06B23800346C}.Debug|Any CPU.ActiveCfg = Debug|Any CPU
		{8D4A6B3A-AF95-4A3B-8C7B-06B23800346C}.Debug|Any CPU.Build.0 = Debug|Any CPU
		{8D4A6B3A-AF95-4A3B-8C7B-06B23800346C}.Debug|ARM.ActiveCfg = Debug|Any CPU
		{8D4A6B3A-AF95-4A3B-8C7B-06B23800346C}.Debug|ARM.Build.0 = Debug|Any CPU
		{8D4A6B3A-AF95-4A3B-8C7B-06B23800346C}.Debug|x86.ActiveCfg = Debug|Any CPU
		{8D4A6B3A-AF95-4A3B-8C7B-06B23800346C}.Debug|x86.Build.0 = Debug|Any CPU
		{8D4A6B3A-AF95-4A3B-8C7B-06B23800346C}.Droid|Any CPU.ActiveCfg = Droid|Any CPU
		{8D4A6B3A-AF95-4A3B-8C7B-06B23800346C}.Droid|Any CPU.Build.0 = Droid|Any CPU
		{8D4A6B3A-AF95-4A3B-8C7B-06B23800346C}.Droid|ARM.ActiveCfg = Droid|Any CPU
		{8D4A6B3A-AF95-4A3B-8C7B-06B23800346C}.Droid|ARM.Build.0 = Droid|Any CPU
		{8D4A6B3A-AF95-4A3B-8C7B-06B23800346C}.Droid|x86.ActiveCfg = Droid|Any CPU
		{8D4A6B3A-AF95-4A3B-8C7B-06B23800346C}.Droid|x86.Build.0 = Droid|Any CPU
		{8D4A6B3A-AF95-4A3B-8C7B-06B23800346C}.Phone|Any CPU.ActiveCfg = Phone|Any CPU
		{8D4A6B3A-AF95-4A3B-8C7B-06B23800346C}.Phone|ARM.ActiveCfg = Phone|Any CPU
		{8D4A6B3A-AF95-4A3B-8C7B-06B23800346C}.Phone|ARM.Build.0 = Phone|Any CPU
		{8D4A6B3A-AF95-4A3B-8C7B-06B23800346C}.Phone|x86.ActiveCfg = Phone|Any CPU
		{8D4A6B3A-AF95-4A3B-8C7B-06B23800346C}.Phone|x86.Build.0 = Phone|Any CPU
		{8D4A6B3A-AF95-4A3B-8C7B-06B23800346C}.Release|Any CPU.ActiveCfg = Release|Any CPU
		{8D4A6B3A-AF95-4A3B-8C7B-06B23800346C}.Release|Any CPU.Build.0 = Release|Any CPU
		{8D4A6B3A-AF95-4A3B-8C7B-06B23800346C}.Release|ARM.ActiveCfg = Release|Any CPU
		{8D4A6B3A-AF95-4A3B-8C7B-06B23800346C}.Release|ARM.Build.0 = Release|Any CPU
		{8D4A6B3A-AF95-4A3B-8C7B-06B23800346C}.Release|x86.ActiveCfg = Release|Any CPU
		{8D4A6B3A-AF95-4A3B-8C7B-06B23800346C}.Release|x86.Build.0 = Release|Any CPU
		{083715F0-1B2E-4BFA-9F90-1ACDC3377644}.Debug|Any CPU.ActiveCfg = Debug|Any CPU
		{083715F0-1B2E-4BFA-9F90-1ACDC3377644}.Debug|Any CPU.Build.0 = Debug|Any CPU
		{083715F0-1B2E-4BFA-9F90-1ACDC3377644}.Debug|ARM.ActiveCfg = Debug|Any CPU
		{083715F0-1B2E-4BFA-9F90-1ACDC3377644}.Debug|ARM.Build.0 = Debug|Any CPU
		{083715F0-1B2E-4BFA-9F90-1ACDC3377644}.Debug|x86.ActiveCfg = Debug|Any CPU
		{083715F0-1B2E-4BFA-9F90-1ACDC3377644}.Debug|x86.Build.0 = Debug|Any CPU
		{083715F0-1B2E-4BFA-9F90-1ACDC3377644}.Droid|Any CPU.ActiveCfg = Droid|Any CPU
		{083715F0-1B2E-4BFA-9F90-1ACDC3377644}.Droid|Any CPU.Build.0 = Droid|Any CPU
		{083715F0-1B2E-4BFA-9F90-1ACDC3377644}.Droid|ARM.ActiveCfg = Droid|Any CPU
		{083715F0-1B2E-4BFA-9F90-1ACDC3377644}.Droid|ARM.Build.0 = Droid|Any CPU
		{083715F0-1B2E-4BFA-9F90-1ACDC3377644}.Droid|x86.ActiveCfg = Droid|Any CPU
		{083715F0-1B2E-4BFA-9F90-1ACDC3377644}.Droid|x86.Build.0 = Droid|Any CPU
		{083715F0-1B2E-4BFA-9F90-1ACDC3377644}.Phone|Any CPU.ActiveCfg = Phone|Any CPU
		{083715F0-1B2E-4BFA-9F90-1ACDC3377644}.Phone|Any CPU.Build.0 = Phone|Any CPU
		{083715F0-1B2E-4BFA-9F90-1ACDC3377644}.Phone|ARM.ActiveCfg = Phone|Any CPU
		{083715F0-1B2E-4BFA-9F90-1ACDC3377644}.Phone|ARM.Build.0 = Phone|Any CPU
		{083715F0-1B2E-4BFA-9F90-1ACDC3377644}.Phone|x86.ActiveCfg = Phone|Any CPU
		{083715F0-1B2E-4BFA-9F90-1ACDC3377644}.Phone|x86.Build.0 = Phone|Any CPU
		{083715F0-1B2E-4BFA-9F90-1ACDC3377644}.Release|Any CPU.ActiveCfg = Release|Any CPU
		{083715F0-1B2E-4BFA-9F90-1ACDC3377644}.Release|Any CPU.Build.0 = Release|Any CPU
		{083715F0-1B2E-4BFA-9F90-1ACDC3377644}.Release|ARM.ActiveCfg = Release|Any CPU
		{083715F0-1B2E-4BFA-9F90-1ACDC3377644}.Release|ARM.Build.0 = Release|Any CPU
		{083715F0-1B2E-4BFA-9F90-1ACDC3377644}.Release|x86.ActiveCfg = Release|Any CPU
		{083715F0-1B2E-4BFA-9F90-1ACDC3377644}.Release|x86.Build.0 = Release|Any CPU
		{4459E75B-8E5B-43E3-A6F5-9F97808D56EF}.Debug|Any CPU.ActiveCfg = Debug|Any CPU
		{4459E75B-8E5B-43E3-A6F5-9F97808D56EF}.Debug|Any CPU.Build.0 = Debug|Any CPU
		{4459E75B-8E5B-43E3-A6F5-9F97808D56EF}.Debug|Any CPU.Deploy.0 = Debug|Any CPU
		{4459E75B-8E5B-43E3-A6F5-9F97808D56EF}.Debug|ARM.ActiveCfg = Debug|ARM
		{4459E75B-8E5B-43E3-A6F5-9F97808D56EF}.Debug|ARM.Build.0 = Debug|ARM
		{4459E75B-8E5B-43E3-A6F5-9F97808D56EF}.Debug|ARM.Deploy.0 = Debug|ARM
		{4459E75B-8E5B-43E3-A6F5-9F97808D56EF}.Debug|x86.ActiveCfg = Debug|x86
		{4459E75B-8E5B-43E3-A6F5-9F97808D56EF}.Debug|x86.Build.0 = Debug|x86
		{4459E75B-8E5B-43E3-A6F5-9F97808D56EF}.Debug|x86.Deploy.0 = Debug|x86
		{4459E75B-8E5B-43E3-A6F5-9F97808D56EF}.Droid|Any CPU.ActiveCfg = Debug|Any CPU
		{4459E75B-8E5B-43E3-A6F5-9F97808D56EF}.Droid|ARM.ActiveCfg = Debug|ARM
		{4459E75B-8E5B-43E3-A6F5-9F97808D56EF}.Droid|ARM.Build.0 = Debug|ARM
		{4459E75B-8E5B-43E3-A6F5-9F97808D56EF}.Droid|ARM.Deploy.0 = Debug|ARM
		{4459E75B-8E5B-43E3-A6F5-9F97808D56EF}.Droid|x86.ActiveCfg = Debug|x86
		{4459E75B-8E5B-43E3-A6F5-9F97808D56EF}.Droid|x86.Build.0 = Debug|x86
		{4459E75B-8E5B-43E3-A6F5-9F97808D56EF}.Droid|x86.Deploy.0 = Debug|x86
		{4459E75B-8E5B-43E3-A6F5-9F97808D56EF}.Phone|Any CPU.ActiveCfg = Phone|Any CPU
		{4459E75B-8E5B-43E3-A6F5-9F97808D56EF}.Phone|Any CPU.Build.0 = Phone|Any CPU
		{4459E75B-8E5B-43E3-A6F5-9F97808D56EF}.Phone|Any CPU.Deploy.0 = Phone|Any CPU
		{4459E75B-8E5B-43E3-A6F5-9F97808D56EF}.Phone|ARM.ActiveCfg = Phone|ARM
		{4459E75B-8E5B-43E3-A6F5-9F97808D56EF}.Phone|ARM.Build.0 = Phone|ARM
		{4459E75B-8E5B-43E3-A6F5-9F97808D56EF}.Phone|ARM.Deploy.0 = Phone|ARM
		{4459E75B-8E5B-43E3-A6F5-9F97808D56EF}.Phone|x86.ActiveCfg = Phone|x86
		{4459E75B-8E5B-43E3-A6F5-9F97808D56EF}.Phone|x86.Build.0 = Phone|x86
		{4459E75B-8E5B-43E3-A6F5-9F97808D56EF}.Phone|x86.Deploy.0 = Phone|x86
		{4459E75B-8E5B-43E3-A6F5-9F97808D56EF}.Release|Any CPU.ActiveCfg = Release|Any CPU
		{4459E75B-8E5B-43E3-A6F5-9F97808D56EF}.Release|Any CPU.Build.0 = Release|Any CPU
		{4459E75B-8E5B-43E3-A6F5-9F97808D56EF}.Release|Any CPU.Deploy.0 = Release|Any CPU
		{4459E75B-8E5B-43E3-A6F5-9F97808D56EF}.Release|ARM.ActiveCfg = Release|ARM
		{4459E75B-8E5B-43E3-A6F5-9F97808D56EF}.Release|ARM.Build.0 = Release|ARM
		{4459E75B-8E5B-43E3-A6F5-9F97808D56EF}.Release|ARM.Deploy.0 = Release|ARM
		{4459E75B-8E5B-43E3-A6F5-9F97808D56EF}.Release|x86.ActiveCfg = Release|x86
		{4459E75B-8E5B-43E3-A6F5-9F97808D56EF}.Release|x86.Build.0 = Release|x86
		{4459E75B-8E5B-43E3-A6F5-9F97808D56EF}.Release|x86.Deploy.0 = Release|x86
		{66565D3B-528D-4262-BB40-82E95788FA71}.Debug|Any CPU.ActiveCfg = Debug|Any CPU
		{66565D3B-528D-4262-BB40-82E95788FA71}.Debug|Any CPU.Build.0 = Debug|Any CPU
		{66565D3B-528D-4262-BB40-82E95788FA71}.Debug|ARM.ActiveCfg = Debug|ARM
		{66565D3B-528D-4262-BB40-82E95788FA71}.Debug|ARM.Build.0 = Debug|ARM
		{66565D3B-528D-4262-BB40-82E95788FA71}.Debug|x86.ActiveCfg = Debug|x86
		{66565D3B-528D-4262-BB40-82E95788FA71}.Debug|x86.Build.0 = Debug|x86
		{66565D3B-528D-4262-BB40-82E95788FA71}.Droid|Any CPU.ActiveCfg = Debug|Any CPU
		{66565D3B-528D-4262-BB40-82E95788FA71}.Droid|ARM.ActiveCfg = Debug|ARM
		{66565D3B-528D-4262-BB40-82E95788FA71}.Droid|ARM.Build.0 = Debug|ARM
		{66565D3B-528D-4262-BB40-82E95788FA71}.Droid|x86.ActiveCfg = Debug|x86
		{66565D3B-528D-4262-BB40-82E95788FA71}.Droid|x86.Build.0 = Debug|x86
		{66565D3B-528D-4262-BB40-82E95788FA71}.Phone|Any CPU.ActiveCfg = Phone|Any CPU
		{66565D3B-528D-4262-BB40-82E95788FA71}.Phone|Any CPU.Build.0 = Phone|Any CPU
		{66565D3B-528D-4262-BB40-82E95788FA71}.Phone|ARM.ActiveCfg = Phone|ARM
		{66565D3B-528D-4262-BB40-82E95788FA71}.Phone|ARM.Build.0 = Phone|ARM
		{66565D3B-528D-4262-BB40-82E95788FA71}.Phone|x86.ActiveCfg = Phone|x86
		{66565D3B-528D-4262-BB40-82E95788FA71}.Phone|x86.Build.0 = Phone|x86
		{66565D3B-528D-4262-BB40-82E95788FA71}.Release|Any CPU.ActiveCfg = Release|Any CPU
		{66565D3B-528D-4262-BB40-82E95788FA71}.Release|Any CPU.Build.0 = Release|Any CPU
		{66565D3B-528D-4262-BB40-82E95788FA71}.Release|ARM.ActiveCfg = Release|ARM
		{66565D3B-528D-4262-BB40-82E95788FA71}.Release|ARM.Build.0 = Release|ARM
		{66565D3B-528D-4262-BB40-82E95788FA71}.Release|x86.ActiveCfg = Release|x86
		{66565D3B-528D-4262-BB40-82E95788FA71}.Release|x86.Build.0 = Release|x86
	EndGlobalSection
	GlobalSection(SolutionProperties) = preSolution
		HideSolutionNode = FALSE
	EndGlobalSection
EndGlobal
